
Microsoft Visual Studio Solution File, Format Version 12.00
# Visual Studio Version 17
VisualStudioVersion = 17.3.32901.215
MinimumVisualStudioVersion = 10.0.40219.1
Project("{FAE04EC0-301F-11D3-BF4B-00C04F79EFBC}") = "Matevosyan_4_107", "Matevosyan_4_107\Matevosyan_4_107.csproj", "{540A8D37-6C4B-4F7C-BB1C-1023F93F3CCE}"
EndProject
Global
	GlobalSection(SolutionConfigurationPlatforms) = preSolution
		Debug|Any CPU = Debug|Any CPU
		Release|Any CPU = Release|Any CPU
	EndGlobalSection
	GlobalSection(ProjectConfigurationPlatforms) = postSolution
		{540A8D37-6C4B-4F7C-BB1C-1023F93F3CCE}.Debug|Any CPU.ActiveCfg = Debug|Any CPU
		{540A8D37-6C4B-4F7C-BB1C-1023F93F3CCE}.Debug|Any CPU.Build.0 = Debug|Any CPU
		{540A8D37-6C4B-4F7C-BB1C-1023F93F3CCE}.Release|Any CPU.ActiveCfg = Release|Any CPU
		{540A8D37-6C4B-4F7C-BB1C-1023F93F3CCE}.Release|Any CPU.Build.0 = Release|Any CPU
	EndGlobalSection
	GlobalSection(SolutionProperties) = preSolution
		HideSolutionNode = FALSE
	EndGlobalSection
	GlobalSection(ExtensibilityGlobals) = postSolution
		SolutionGuid = {C4A04956-4B70-4330-B82D-EA4FE614173B}
	EndGlobalSection
EndGlobal
